# auto-generated by grc.converter

id: variable_satellite
label: Satellite
flags: [show_id]

parameters:
-   id: value
    label: Ignore Me
    dtype: raw
    default: '"ok"'
    hide: all
-   id: tle_title
    label: TLE Title
    dtype: string
    category: General
-   id: tle_1
    label: TLE 1
    dtype: string
    category: General
-   id: tle_2
    label: TLE 2
    dtype: string
    category: General
-   id: comm_freq_tx
    label: Frequency TX (Hz)
    dtype: real
    category: RF Configuration
-   id: tx_power_dbm
    label: TX Power (dBm)
    dtype: real
    category: RF Configuration
-   id: noise_figure
    label: Receiver Noise Figure (dB)
    dtype: real
    category: RF Configuration
-   id: noise_temp
    label: Receiver Effective Noise Temperature (K)
    dtype: real
    category: RF Configuration
-   id: rx_bw
    label: Receiver Bandwidth (Hz)
    dtype: real
    category: RF Configuration
-   id: tx_antenna
    label: Antenna TX
    dtype: raw
    default: antenna_variable
    category: RF Configuration
-   id: comm_freq_rx
    label: Frequency RX (Hz)
    dtype: real
    category: RF Configuration
-   id: rx_antenna
    label: Antenna RX
    dtype: raw
    default: antenna_variable
    category: RF Configuration
value: ${ value }

templates:
    imports: import gnuradio.leo
    var_make: >-
        self.${id} = ${id} = gnuradio.leo.satellite.make(
            tle_title=${tle_title},
            tle_1=${tle_1},
            tle_2=${tle_2},
            comm_freq_tx=${comm_freq_tx},
            comm_freq_rx=${comm_freq_rx},
            tx_power_dbm=${tx_power_dbm},
            tx_antenna=${tx_antenna},
            rx_antenna=${rx_antenna},
            noise_figure=${noise_figure},
            noise_temp=${noise_temp},
            rx_bw=${rx_bw},
        )

file_format: 1
